// !$*UTF8*$!
{
	archiveVersion = 1;
	classes = {
	};
	objectVersion = 46;
	objects = {

/* Begin PBXBuildFile section */
		FC5FF5D41EC5A38B000676A0 /* aho_corasick.h in Headers */ = {isa = PBXBuildFile; fileRef = FC5FF5CF1EC5A38B000676A0 /* aho_corasick.h */; };
		FC5FF5D51EC5A38B000676A0 /* JWKeyWordFilterManager.h in Headers */ = {isa = PBXBuildFile; fileRef = FC5FF5D01EC5A38B000676A0 /* JWKeyWordFilterManager.h */; };
		FC5FF5D61EC5A38B000676A0 /* JWKeyWordFilterManager.mm in Sources */ = {isa = PBXBuildFile; fileRef = FC5FF5D11EC5A38B000676A0 /* JWKeyWordFilterManager.mm */; };
		FC5FF5D71EC5A38B000676A0 /* NSString+KeyWord.h in Headers */ = {isa = PBXBuildFile; fileRef = FC5FF5D21EC5A38B000676A0 /* NSString+KeyWord.h */; };
		FC5FF5D81EC5A38B000676A0 /* NSString+KeyWord.m in Sources */ = {isa = PBXBuildFile; fileRef = FC5FF5D31EC5A38B000676A0 /* NSString+KeyWord.m */; };
		FC5FF5DA1EC5A3B5000676A0 /* Info.plist in Resources */ = {isa = PBXBuildFile; fileRef = FC5FF5D91EC5A3B5000676A0 /* Info.plist */; };
/* End PBXBuildFile section */

/* Begin PBXFileReference section */
		FC5FF5AF1EC5A1E4000676A0 /* JWKeyWordFilter.framework */ = {isa = PBXFileReference; explicitFileType = wrapper.framework; includeInIndex = 0; path = JWKeyWordFilter.framework; sourceTree = BUILT_PRODUCTS_DIR; };
		FC5FF5CF1EC5A38B000676A0 /* aho_corasick.h */ = {isa = PBXFileReference; fileEncoding = 4; lastKnownFileType = sourcecode.c.h; path = aho_corasick.h; sourceTree = "<group>"; };
		FC5FF5D01EC5A38B000676A0 /* JWKeyWordFilterManager.h */ = {isa = PBXFileReference; fileEncoding = 4; lastKnownFileType = sourcecode.c.h; path = JWKeyWordFilterManager.h; sourceTree = "<group>"; };
		FC5FF5D11EC5A38B000676A0 /* JWKeyWordFilterManager.mm */ = {isa = PBXFileReference; fileEncoding = 4; lastKnownFileType = sourcecode.cpp.objcpp; path = JWKeyWordFilterManager.mm; sourceTree = "<group>"; };
		FC5FF5D21EC5A38B000676A0 /* NSString+KeyWord.h */ = {isa = PBXFileReference; fileEncoding = 4; lastKnownFileType = sourcecode.c.h; path = "NSString+KeyWord.h"; sourceTree = "<group>"; };
		FC5FF5D31EC5A38B000676A0 /* NSString+KeyWord.m */ = {isa = PBXFileReference; fileEncoding = 4; lastKnownFileType = sourcecode.c.objc; path = "NSString+KeyWord.m"; sourceTree = "<group>"; };
		FC5FF5D91EC5A3B5000676A0 /* Info.plist */ = {isa = PBXFileReference; fileEncoding = 4; lastKnownFileType = text.plist.xml; path = Info.plist; sourceTree = SOURCE_ROOT; };
/* End PBXFileReference section */

/* Begin PBXFrameworksBuildPhase section */
		FC5FF5AB1EC5A1E4000676A0 /* Frameworks */ = {
			isa = PBXFrameworksBuildPhase;
			buildActionMask = 2147483647;
			files = (
			);
			runOnlyForDeploymentPostprocessing = 0;
		};
/* End PBXFrameworksBuildPhase section */

/* Begin PBXGroup section */
		FC5FF5A51EC5A1E4000676A0 = {
			isa = PBXGroup;
			children = (
				FC5FF5CE1EC5A38B000676A0 /* JWKeyWordFilter */,
				FC5FF5B01EC5A1E4000676A0 /* Products */,
			);
			sourceTree = "<group>";
		};
		FC5FF5B01EC5A1E4000676A0 /* Products */ = {
			isa = PBXGroup;
			children = (
				FC5FF5AF1EC5A1E4000676A0 /* JWKeyWordFilter.framework */,
			);
			name = Products;
			sourceTree = "<group>";
		};
		FC5FF5CE1EC5A38B000676A0 /* JWKeyWordFilter */ = {
			isa = PBXGroup;
			children = (
				FC5FF5D91EC5A3B5000676A0 /* Info.plist */,
				FC5FF5CF1EC5A38B000676A0 /* aho_corasick.h */,
				FC5FF5D01EC5A38B000676A0 /* JWKeyWordFilterManager.h */,
				FC5FF5D11EC5A38B000676A0 /* JWKeyWordFilterManager.mm */,
				FC5FF5D21EC5A38B000676A0 /* NSString+KeyWord.h */,
				FC5FF5D31EC5A38B000676A0 /* NSString+KeyWord.m */,
			);
			name = JWKeyWordFilter;
			path = ../JWKeyWordFilter;
			sourceTree = "<group>";
		};
/* End PBXGroup section */

/* Begin PBXHeadersBuildPhase section */
		FC5FF5AC1EC5A1E4000676A0 /* Headers */ = {
			isa = PBXHeadersBuildPhase;
			buildActionMask = 2147483647;
			files = (
				FC5FF5D71EC5A38B000676A0 /* NSString+KeyWord.h in Headers */,
				FC5FF5D41EC5A38B000676A0 /* aho_corasick.h in Headers */,
				FC5FF5D51EC5A38B000676A0 /* JWKeyWordFilterManager.h in Headers */,
			);
			runOnlyForDeploymentPostprocessing = 0;
		};
/* End PBXHeadersBuildPhase section */

/* Begin PBXNativeTarget section */
		FC5FF5AE1EC5A1E4000676A0 /* JWKeyWordFilter */ = {
			isa = PBXNativeTarget;
			buildConfigurationList = FC5FF5B71EC5A1E4000676A0 /* Build configuration list for PBXNativeTarget "JWKeyWordFilter" */;
			buildPhases = (
				FC5FF5AA1EC5A1E4000676A0 /* Sources */,
				FC5FF5AB1EC5A1E4000676A0 /* Frameworks */,
				FC5FF5AC1EC5A1E4000676A0 /* Headers */,
				FC5FF5AD1EC5A1E4000676A0 /* Resources */,
			);
			buildRules = (
			);
			dependencies = (
			);
			name = JWKeyWordFilter;
			productName = JWKeyWordFilter;
			productReference = FC5FF5AF1EC5A1E4000676A0 /* JWKeyWordFilter.framework */;
			productType = "com.apple.product-type.framework";
		};
/* End PBXNativeTarget section */

/* Begin PBXProject section */
		FC5FF5A61EC5A1E4000676A0 /* Project object */ = {
			isa = PBXProject;
			attributes = {
				LastUpgradeCheck = 0830;
				ORGANIZATIONNAME = "zhang yinglong";
				TargetAttributes = {
					FC5FF5AE1EC5A1E4000676A0 = {
						CreatedOnToolsVersion = 8.3.2;
						ProvisioningStyle = Automatic;
					};
				};
			};
			buildConfigurationList = FC5FF5A91EC5A1E4000676A0 /* Build configuration list for PBXProject "JWKeyWordFilter" */;
			compatibilityVersion = "Xcode 3.2";
			developmentRegion = English;
			hasScannedForEncodings = 0;
			knownRegions = (
				en,
			);
			mainGroup = FC5FF5A51EC5A1E4000676A0;
			productRefGroup = FC5FF5B01EC5A1E4000676A0 /* Products */;
			projectDirPath = "";
			projectRoot = "";
			targets = (
				FC5FF5AE1EC5A1E4000676A0 /* JWKeyWordFilter */,
			);
		};
/* End PBXProject section */

/* Begin PBXResourcesBuildPhase section */
		FC5FF5AD1EC5A1E4000676A0 /* Resources */ = {
			isa = PBXResourcesBuildPhase;
			buildActionMask = 2147483647;
			files = (
				FC5FF5DA1EC5A3B5000676A0 /* Info.plist in Resources */,
			);
			runOnlyForDeploymentPostprocessing = 0;
		};
/* End PBXResourcesBuildPhase section */

/* Begin PBXSourcesBuildPhase section */
		FC5FF5AA1EC5A1E4000676A0 /* Sources */ = {
			isa = PBXSourcesBuildPhase;
			buildActionMask = 2147483647;
			files = (
				FC5FF5D61EC5A38B000676A0 /* JWKeyWordFilterManager.mm in Sources */,
				FC5FF5D81EC5A38B000676A0 /* NSString+KeyWord.m in Sources */,
			);
			runOnlyForDeploymentPostprocessing = 0;
		};
/* End PBXSourcesBuildPhase section */

/* Begin XCBuildConfiguration section */
		FC5FF5B51EC5A1E4000676A0 /* Debug */ = {
			isa = XCBuildConfiguration;
			buildSettings = {
				ALWAYS_SEARCH_USER_PATHS = NO;
				CLANG_ANALYZER_NONNULL = YES;
				CLANG_ANALYZER_NUMBER_OBJECT_CONVERSION = YES_AGGRESSIVE;
				CLANG_CXX_LANGUAGE_STANDARD = "gnu++0x";
				CLANG_CXX_LIBRARY = "libc++";
				CLANG_ENABLE_MODULES = YES;
				CLANG_ENABLE_OBJC_ARC = YES;
				CLANG_WARN_BOOL_CONVERSION = YES;
				CLANG_WARN_CONSTANT_CONVERSION = YES;
				CLANG_WARN_DIRECT_OBJC_ISA_USAGE = YES_ERROR;
				CLANG_WARN_DOCUMENTATION_COMMENTS = YES;
				CLANG_WARN_EMPTY_BODY = YES;
				CLANG_WARN_ENUM_CONVERSION = YES;
				CLANG_WARN_INFINITE_RECURSION = YES;
				CLANG_WARN_INT_CONVERSION = YES;
				CLANG_WARN_OBJC_ROOT_CLASS = YES_ERROR;
				CLANG_WARN_SUSPICIOUS_MOVE = YES;
				CLANG_WARN_UNREACHABLE_CODE = YES;
				CLANG_WARN__DUPLICATE_METHOD_MATCH = YES;
				"CODE_SIGN_IDENTITY[sdk=iphoneos*]" = "iPhone Developer";
				COPY_PHASE_STRIP = NO;
				CURRENT_PROJECT_VERSION = 1;
				DEBUG_INFORMATION_FORMAT = dwarf;
				ENABLE_STRICT_OBJC_MSGSEND = YES;
				ENABLE_TESTABILITY = YES;
				GCC_C_LANGUAGE_STANDARD = gnu99;
				GCC_DYNAMIC_NO_PIC = NO;
				GCC_NO_COMMON_BLOCKS = YES;
				GCC_OPTIMIZATION_LEVEL = 0;
				GCC_PREPROCESSOR_DEFINITIONS = (
					"DEBUG=1",
					"$(inherited)",
				);
				GCC_WARN_64_TO_32_BIT_CONVERSION = YES;
				GCC_WARN_ABOUT_RETURN_TYPE = YES_ERROR;
				GCC_WARN_UNDECLARED_SELECTOR = YES;
				GCC_WARN_UNINITIALIZED_AUTOS = YES_AGGRESSIVE;
				GCC_WARN_UNUSED_FUNCTION = YES;
				GCC_WARN_UNUSED_VARIABLE = YES;
				IPHONEOS_DEPLOYMENT_TARGET = 8.0;
				MTL_ENABLE_DEBUG_INFO = YES;
				ONLY_ACTIVE_ARCH = YES;
				SDKROOT = iphoneos;
				TARGETED_DEVICE_FAMILY = "1,2";
				VERSIONING_SYSTEM = "apple-generic";
				VERSION_INFO_PREFIX = "";
			};
			name = Debug;
		};
		FC5FF5B61EC5A1E4000676A0 /* Release */ = {
			isa = XCBuildConfiguration;
			buildSettings = {
				ALWAYS_SEARCH_USER_PATHS = NO;
				CLANG_ANALYZER_NONNULL = YES;
				CLANG_ANALYZER_NUMBER_OBJECT_CONVERSION = YES_AGGRESSIVE;
				CLANG_CXX_LANGUAGE_STANDARD = "gnu++0x";
				CLANG_CXX_LIBRARY = "libc++";
				CLANG_ENABLE_MODULES = YES;
				CLANG_ENABLE_OBJC_ARC = YES;
				CLANG_WARN_BOOL_CONVERSION = YES;
				CLANG_WARN_CONSTANT_CONVERSION = YES;
				CLANG_WARN_DIRECT_OBJC_ISA_USAGE = YES_ERROR;
				CLANG_WARN_DOCUMENTATION_COMMENTS = YES;
				CLANG_WARN_EMPTY_BODY = YES;
				CLANG_WARN_ENUM_CONVERSION = YES;
				CLANG_WARN_INFINITE_RECURSION = YES;
				CLANG_WARN_INT_CONVERSION = YES;
				CLANG_WARN_OBJC_ROOT_CLASS = YES_ERROR;
				CLANG_WARN_SUSPICIOUS_MOVE = YES;
				CLANG_WARN_UNREACHABLE_CODE = YES;
				CLANG_WARN__DUPLICATE_METHOD_MATCH = YES;
				"CODE_SIGN_IDENTITY[sdk=iphoneos*]" = "iPhone Developer";
				COPY_PHASE_STRIP = NO;
				CURRENT_PROJECT_VERSION = 1;
				DEBUG_INFORMATION_FORMAT = "dwarf-with-dsym";
				ENABLE_NS_ASSERTIONS = NO;
				ENABLE_STRICT_OBJC_MSGSEND = YES;
				GCC_C_LANGUAGE_STANDARD = gnu99;
				GCC_NO_COMMON_BLOCKS = YES;
				GCC_WARN_64_TO_32_BIT_CONVERSION = YES;
				GCC_WARN_ABOUT_RETURN_TYPE = YES_ERROR;
				GCC_WARN_UNDECLARED_SELECTOR = YES;
				GCC_WARN_UNINITIALIZED_AUTOS = YES_AGGRESSIVE;
				GCC_WARN_UNUSED_FUNCTION = YES;
				GCC_WARN_UNUSED_VARIABLE = YES;
				IPHONEOS_DEPLOYMENT_TARGET = 8.0;
				MTL_ENABLE_DEBUG_INFO = NO;
				SDKROOT = iphoneos;
				TARGETED_DEVICE_FAMILY = "1,2";
				VALIDATE_PRODUCT = YES;
				VERSIONING_SYSTEM = "apple-generic";
				VERSION_INFO_PREFIX = "";
			};
			name = Release;
		};
		FC5FF5B81EC5A1E4000676A0 /* Debug */ = {
			isa = XCBuildConfiguration;
			buildSettings = {
				CODE_SIGN_IDENTITY = "";
				DEFINES_MODULE = YES;
				DYLIB_COMPATIBILITY_VERSION = 1;
				DYLIB_CURRENT_VERSION = 1;
				DYLIB_INSTALL_NAME_BASE = "@rpath";
				INFOPLIST_FILE = "$(SRCROOT)/Info.plist";
				INSTALL_PATH = "$(LOCAL_LIBRARY_DIR)/Frameworks";
				LD_RUNPATH_SEARCH_PATHS = "$(inherited) @executable_path/Frameworks @loader_path/Frameworks";
				PRODUCT_BUNDLE_IDENTIFIER = com.JWKeyWordFilter.framework;
				PRODUCT_NAME = "$(TARGET_NAME)";
				SKIP_INSTALL = YES;
			};
			name = Debug;
		};
		FC5FF5B91EC5A1E4000676A0 /* Release */ = {
			isa = XCBuildConfiguration;
			buildSettings = {
				CODE_SIGN_IDENTITY = "";
				DEFINES_MODULE = YES;
				DYLIB_COMPATIBILITY_VERSION = 1;
				DYLIB_CURRENT_VERSION = 1;
				DYLIB_INSTALL_NAME_BASE = "@rpath";
				INFOPLIST_FILE = "$(SRCROOT)/Info.plist";
				INSTALL_PATH = "$(LOCAL_LIBRARY_DIR)/Frameworks";
				LD_RUNPATH_SEARCH_PATHS = "$(inherited) @executable_path/Frameworks @loader_path/Frameworks";
				PRODUCT_BUNDLE_IDENTIFIER = com.JWKeyWordFilter.framework;
				PRODUCT_NAME = "$(TARGET_NAME)";
				SKIP_INSTALL = YES;
			};
			name = Release;
		};
/* End XCBuildConfiguration section */

/* Begin XCConfigurationList section */
		FC5FF5A91EC5A1E4000676A0 /* Build configuration list for PBXProject "JWKeyWordFilter" */ = {
			isa = XCConfigurationList;
			buildConfigurations = (
				FC5FF5B51EC5A1E4000676A0 /* Debug */,
				FC5FF5B61EC5A1E4000676A0 /* Release */,
			);
			defaultConfigurationIsVisible = 0;
			defaultConfigurationName = Release;
		};
		FC5FF5B71EC5A1E4000676A0 /* Build configuration list for PBXNativeTarget "JWKeyWordFilter" */ = {
			isa = XCConfigurationList;
			buildConfigurations = (
				FC5FF5B81EC5A1E4000676A0 /* Debug */,
				FC5FF5B91EC5A1E4000676A0 /* Release */,
			);
			defaultConfigurationIsVisible = 0;
			defaultConfigurationName = Release;
		};
/* End XCConfigurationList section */
	};
	rootObject = FC5FF5A61EC5A1E4000676A0 /* Project object */;
}
